{
  "name": "@mountbuild/call-script",
  "version": "2.2.1",
  "lockfileVersion": 2,
  "requires": true,
  "packages": {
    "": {
      "name": "@mountbuild/call-script",
      "version": "2.2.1",
      "dependencies": {
        "@mountbuild/script-tree": "1.0.0"
      }
    },
    "node_modules/@mountbuild/script-tree": {
      "version": "1.0.0",
      "resolved": "https://registry.npmjs.org/@mountbuild/script-tree/-/script-tree-1.0.0.tgz",
      "integrity": "sha512-jSeFGKnGifsjV3bkNMK13UqOiJT3+oskAouwREftXoHAhlz/Ck9dWt8Q+TP5TvHGE1AkEivvFOVqB/TtuONugQ=="
    }
  },
  "dependencies": {
    "@mountbuild/script-tree": {
      "version": "1.0.0",
      "resolved": "https://registry.npmjs.org/@mountbuild/script-tree/-/script-tree-1.0.0.tgz",
      "integrity": "sha512-jSeFGKnGifsjV3bkNMK13UqOiJT3+oskAouwREftXoHAhlz/Ck9dWt8Q+TP5TvHGE1AkEivvFOVqB/TtuONugQ=="
    }
  }
}
