{
  "name": "@drumwork/call",
  "version": "4.0.0",
  "lockfileVersion": 2,
  "requires": true,
  "packages": {
    "": {
      "name": "@drumwork/call",
      "version": "4.0.0",
      "dependencies": {
        "@lancejpollard/script-tree": "^1.1.1"
      }
    },
    "node_modules/@lancejpollard/script-tree": {
      "version": "1.1.1",
      "resolved": "https://registry.npmjs.org/@lancejpollard/script-tree/-/script-tree-1.1.1.tgz",
      "integrity": "sha512-5wTW1BWuxPQAec2HhIEiInsNP9S11tEdlmSoaO9upB9y5If9HfmfXfGobYm0sW9eX96JNWeWxgt8eQEKxXaOiw=="
    }
  },
  "dependencies": {
    "@lancejpollard/script-tree": {
      "version": "1.1.1",
      "resolved": "https://registry.npmjs.org/@lancejpollard/script-tree/-/script-tree-1.1.1.tgz",
      "integrity": "sha512-5wTW1BWuxPQAec2HhIEiInsNP9S11tEdlmSoaO9upB9y5If9HfmfXfGobYm0sW9eX96JNWeWxgt8eQEKxXaOiw=="
    }
  }
}
