{
  "name": "@drumwork/call",
  "version": "1.0.1",
  "lockfileVersion": 2,
  "requires": true,
  "packages": {
    "": {
      "name": "@drumwork/call",
      "version": "1.0.1",
      "dependencies": {
        "@lancejpollard/script-tree": "^1.0.0"
      }
    },
    "node_modules/@lancejpollard/script-tree": {
      "version": "1.0.0",
      "resolved": "https://registry.npmjs.org/@lancejpollard/script-tree/-/script-tree-1.0.0.tgz",
      "integrity": "sha512-bbHysMwsyb6Yk4K7hZEZKs4a9Nws8PChpyEv9aGbyDvm581hP1ht2jKLXGdUeClYfPZY8W/hOcdF2zDt5zTPfg=="
    }
  },
  "dependencies": {
    "@lancejpollard/script-tree": {
      "version": "1.0.0",
      "resolved": "https://registry.npmjs.org/@lancejpollard/script-tree/-/script-tree-1.0.0.tgz",
      "integrity": "sha512-bbHysMwsyb6Yk4K7hZEZKs4a9Nws8PChpyEv9aGbyDvm581hP1ht2jKLXGdUeClYfPZY8W/hOcdF2zDt5zTPfg=="
    }
  }
}
